lockfileVersion: '6.0'

settings:
  autoInstallPeers: true
  excludeLinksFromLockfile: false

dependencies:
  animejs:
    specifier: ^3.2.1
    version: 3.2.2

packages:

  /animejs@3.2.2:
    resolution: {integrity: sha512-Ao95qWLpDPXXM+WrmwcKbl6uNlC5tjnowlaRYtuVDHHoygjtIPfDUoK9NthrlZsQSKjZXlmji2TrBUAVbiH0LQ==}
    dev: false
